
Microsoft Visual Studio Solution File, Format Version 12.00
# Visual Studio Version 16
VisualStudioVersion = 16.0.30907.101
MinimumVisualStudioVersion = 10.0.40219.1
Project("{FAE04EC0-301F-11D3-BF4B-00C04F79EFBC}") = "PremiumBusReservationSystem", "PremiumBusReservationSystem\PremiumBusReservationSystem.csproj", "{9E5F28D8-D221-424C-8D93-BE4201D62A9D}"
EndProject
Project("{FAE04EC0-301F-11D3-BF4B-00C04F79EFBC}") = "PremiumBusReservationSystemTests1", "PremiumBusReservationSystemTests1\PremiumBusReservationSystemTests1.csproj", "{4DDEABE1-0393-41DB-B8D6-BE7868422316}"
EndProject
Project("{54435603-DBB4-11D2-8724-00A0C9A8B90C}") = "PremiumBusReservationSystemInstaller", "PremiumBusReservationSystemInstaller\PremiumBusReservationSystemInstaller.vdproj", "{1247AB0F-7D94-4CF1-B5B1-1011385D7881}"
EndProject
Global
	GlobalSection(SolutionConfigurationPlatforms) = preSolution
		Debug|Any CPU = Debug|Any CPU
		Release|Any CPU = Release|Any CPU
	EndGlobalSection
	GlobalSection(ProjectConfigurationPlatforms) = postSolution
		{9E5F28D8-D221-424C-8D93-BE4201D62A9D}.Debug|Any CPU.ActiveCfg = Debug|Any CPU
		{9E5F28D8-D221-424C-8D93-BE4201D62A9D}.Debug|Any CPU.Build.0 = Debug|Any CPU
		{9E5F28D8-D221-424C-8D93-BE4201D62A9D}.Release|Any CPU.ActiveCfg = Release|Any CPU
		{9E5F28D8-D221-424C-8D93-BE4201D62A9D}.Release|Any CPU.Build.0 = Release|Any CPU
		{4DDEABE1-0393-41DB-B8D6-BE7868422316}.Debug|Any CPU.ActiveCfg = Debug|Any CPU
		{4DDEABE1-0393-41DB-B8D6-BE7868422316}.Debug|Any CPU.Build.0 = Debug|Any CPU
		{4DDEABE1-0393-41DB-B8D6-BE7868422316}.Release|Any CPU.ActiveCfg = Release|Any CPU
		{4DDEABE1-0393-41DB-B8D6-BE7868422316}.Release|Any CPU.Build.0 = Release|Any CPU
		{1247AB0F-7D94-4CF1-B5B1-1011385D7881}.Debug|Any CPU.ActiveCfg = Debug
		{1247AB0F-7D94-4CF1-B5B1-1011385D7881}.Release|Any CPU.ActiveCfg = Release
	EndGlobalSection
	GlobalSection(SolutionProperties) = preSolution
		HideSolutionNode = FALSE
	EndGlobalSection
	GlobalSection(ExtensibilityGlobals) = postSolution
		SolutionGuid = {C3B0AD7B-9103-4421-94C8-3430B71F7C20}
	EndGlobalSection
EndGlobal
